
Microsoft Visual Studio Solution File, Format Version 12.00
# Visual Studio 15
VisualStudioVersion = 15.0.28307.1169
MinimumVisualStudioVersion = 10.0.40219.1
Project("{E24C65DC-7377-472B-9ABA-BC803B73C61A}") = "Training.Web", "Training.Web\", "{3B57A377-108A-4DC6-85BF-0A7647B61A79}"
	ProjectSection(WebsiteProperties) = preProject
		TargetFrameworkMoniker = ".NETFramework,Version%3Dv4.7.2"
		Debug.AspNetCompiler.VirtualPath = "/localhost_7254"
		Debug.AspNetCompiler.PhysicalPath = "Training.Web\"
		Debug.AspNetCompiler.TargetPath = "PrecompiledWeb\localhost_7254\"
		Debug.AspNetCompiler.Updateable = "true"
		Debug.AspNetCompiler.ForceOverwrite = "true"
		Debug.AspNetCompiler.FixedNames = "false"
		Debug.AspNetCompiler.Debug = "True"
		Release.AspNetCompiler.VirtualPath = "/localhost_7254"
		Release.AspNetCompiler.PhysicalPath = "Training.Web\"
		Release.AspNetCompiler.TargetPath = "PrecompiledWeb\localhost_7254\"
		Release.AspNetCompiler.Updateable = "true"
		Release.AspNetCompiler.ForceOverwrite = "true"
		Release.AspNetCompiler.FixedNames = "false"
		Release.AspNetCompiler.Debug = "False"
		VWDPort = "7254"
		SlnRelativePath = "Training.Web\"
		DefaultWebSiteLanguage = "Visual C#"
	EndProjectSection
	ProjectSection(ProjectDependencies) = postProject
		{8D535F43-CAAB-48E9-B248-F3DA3FB924CE} = {8D535F43-CAAB-48E9-B248-F3DA3FB924CE}
	EndProjectSection
EndProject
Project("{9A19103F-16F7-4668-BE54-9A1E7A4F7556}") = "Training.Core", "Training.Core\Training.Core.csproj", "{8D535F43-CAAB-48E9-B248-F3DA3FB924CE}"
EndProject
Global
	GlobalSection(SolutionConfigurationPlatforms) = preSolution
		Debug|Any CPU = Debug|Any CPU
		Release|Any CPU = Release|Any CPU
	EndGlobalSection
	GlobalSection(ProjectConfigurationPlatforms) = postSolution
		{3B57A377-108A-4DC6-85BF-0A7647B61A79}.Debug|Any CPU.ActiveCfg = Debug|Any CPU
		{3B57A377-108A-4DC6-85BF-0A7647B61A79}.Release|Any CPU.ActiveCfg = Debug|Any CPU
		{8D535F43-CAAB-48E9-B248-F3DA3FB924CE}.Debug|Any CPU.ActiveCfg = Debug|Any CPU
		{8D535F43-CAAB-48E9-B248-F3DA3FB924CE}.Debug|Any CPU.Build.0 = Debug|Any CPU
		{8D535F43-CAAB-48E9-B248-F3DA3FB924CE}.Release|Any CPU.ActiveCfg = Release|Any CPU
		{8D535F43-CAAB-48E9-B248-F3DA3FB924CE}.Release|Any CPU.Build.0 = Release|Any CPU
	EndGlobalSection
	GlobalSection(SolutionProperties) = preSolution
		HideSolutionNode = FALSE
	EndGlobalSection
	GlobalSection(ExtensibilityGlobals) = postSolution
		SolutionGuid = {ED026BBA-B96E-4B0D-9F17-8718258F0538}
	EndGlobalSection
EndGlobal
